
Microsoft Visual Studio Solution File, Format Version 12.00
# Visual Studio Version 16
VisualStudioVersion = 16.0.29926.136
MinimumVisualStudioVersion = 10.0.40219.1
Project("{2150E333-8FDC-42A3-9474-1A3956D46DE8}") = "STS", "STS", "{D71AB039-CAE0-457D-9619-481C6F17CDE4}"
EndProject
Project("{9A19103F-16F7-4668-BE54-9A1E7A4F7556}") = "STS.Web", "STS.Web\STS.Web.csproj", "{D99F9BBC-3D16-4926-AA10-2B81700D1B15}"
EndProject
Project("{9A19103F-16F7-4668-BE54-9A1E7A4F7556}") = "STS.Lib", "STS.Lib\STS.Lib.csproj", "{3E427F50-A0F4-42F6-804A-CCFA6FB7C198}"
EndProject
Project("{2150E333-8FDC-42A3-9474-1A3956D46DE8}") = "Identity", "Identity", "{AF552DC0-C0B2-4CD4-8337-1BA2301A04B4}"
EndProject
Project("{9A19103F-16F7-4668-BE54-9A1E7A4F7556}") = "Identity.Lib", "Identity.Lib\Identity.Lib.csproj", "{4F3836BF-7505-4398-AB19-3D9AD790604A}"
EndProject
Project("{9A19103F-16F7-4668-BE54-9A1E7A4F7556}") = "Identity.Web", "Identity.Web\Identity.Web.csproj", "{D808A0FA-4BFC-47D4-966F-65E267D45A44}"
EndProject
Project("{2150E333-8FDC-42A3-9474-1A3956D46DE8}") = "Games", "Games", "{7B3511DC-0CDF-4D8D-A110-68BA0A3F50BF}"
EndProject
Project("{9A19103F-16F7-4668-BE54-9A1E7A4F7556}") = "Games.Web", "Games.Web\Games.Web.csproj", "{6D684615-DA1A-4280-A42D-3C77B0CB57B8}"
EndProject
Project("{9A19103F-16F7-4668-BE54-9A1E7A4F7556}") = "Games.Lib", "Games.Lib\Games.Lib.csproj", "{52F5E139-1540-48AA-96CD-DCF4A06DD3AD}"
EndProject
Project("{2150E333-8FDC-42A3-9474-1A3956D46DE8}") = "Interaction", "Interaction", "{10E75978-2669-4530-A5A4-C076B49368FB}"
EndProject
Project("{9A19103F-16F7-4668-BE54-9A1E7A4F7556}") = "Interaction.Console", "Interaction.Console\Interaction.Console.csproj", "{88102A7D-3617-465E-B046-CC625B4AA234}"
EndProject
Project("{2150E333-8FDC-42A3-9474-1A3956D46DE8}") = "Common", "Common", "{26C0D562-1881-46B7-AEEE-59D397C2849C}"
EndProject
Project("{9A19103F-16F7-4668-BE54-9A1E7A4F7556}") = "Common.Lib", "Common.Lib\Common.Lib.csproj", "{3EB89C83-F37B-4961-8309-6A68865F3954}"
EndProject
Project("{9A19103F-16F7-4668-BE54-9A1E7A4F7556}") = "Common.LibTests", "Common.LibTests\Common.LibTests.csproj", "{A63EA6A6-D278-43BA-B8A6-3EB5E58311A1}"
EndProject
Project("{2150E333-8FDC-42A3-9474-1A3956D46DE8}") = "Solution Items", "Solution Items", "{73023321-F248-42BF-81E4-9FF3F04F52EA}"
	ProjectSection(SolutionItems) = preProject
		.gitlab-ci.yml = .gitlab-ci.yml
		build.cmd = build.cmd
		clean.cmd = clean.cmd
	EndProjectSection
EndProject
Global
	GlobalSection(SolutionConfigurationPlatforms) = preSolution
		Debug|Any CPU = Debug|Any CPU
		Release|Any CPU = Release|Any CPU
	EndGlobalSection
	GlobalSection(ProjectConfigurationPlatforms) = postSolution
		{D99F9BBC-3D16-4926-AA10-2B81700D1B15}.Debug|Any CPU.ActiveCfg = Debug|Any CPU
		{D99F9BBC-3D16-4926-AA10-2B81700D1B15}.Debug|Any CPU.Build.0 = Debug|Any CPU
		{D99F9BBC-3D16-4926-AA10-2B81700D1B15}.Release|Any CPU.ActiveCfg = Release|Any CPU
		{D99F9BBC-3D16-4926-AA10-2B81700D1B15}.Release|Any CPU.Build.0 = Release|Any CPU
		{3E427F50-A0F4-42F6-804A-CCFA6FB7C198}.Debug|Any CPU.ActiveCfg = Debug|Any CPU
		{3E427F50-A0F4-42F6-804A-CCFA6FB7C198}.Debug|Any CPU.Build.0 = Debug|Any CPU
		{3E427F50-A0F4-42F6-804A-CCFA6FB7C198}.Release|Any CPU.ActiveCfg = Release|Any CPU
		{3E427F50-A0F4-42F6-804A-CCFA6FB7C198}.Release|Any CPU.Build.0 = Release|Any CPU
		{4F3836BF-7505-4398-AB19-3D9AD790604A}.Debug|Any CPU.ActiveCfg = Debug|Any CPU
		{4F3836BF-7505-4398-AB19-3D9AD790604A}.Debug|Any CPU.Build.0 = Debug|Any CPU
		{4F3836BF-7505-4398-AB19-3D9AD790604A}.Release|Any CPU.ActiveCfg = Release|Any CPU
		{4F3836BF-7505-4398-AB19-3D9AD790604A}.Release|Any CPU.Build.0 = Release|Any CPU
		{D808A0FA-4BFC-47D4-966F-65E267D45A44}.Debug|Any CPU.ActiveCfg = Debug|Any CPU
		{D808A0FA-4BFC-47D4-966F-65E267D45A44}.Debug|Any CPU.Build.0 = Debug|Any CPU
		{D808A0FA-4BFC-47D4-966F-65E267D45A44}.Release|Any CPU.ActiveCfg = Release|Any CPU
		{D808A0FA-4BFC-47D4-966F-65E267D45A44}.Release|Any CPU.Build.0 = Release|Any CPU
		{6D684615-DA1A-4280-A42D-3C77B0CB57B8}.Debug|Any CPU.ActiveCfg = Debug|Any CPU
		{6D684615-DA1A-4280-A42D-3C77B0CB57B8}.Debug|Any CPU.Build.0 = Debug|Any CPU
		{6D684615-DA1A-4280-A42D-3C77B0CB57B8}.Release|Any CPU.ActiveCfg = Release|Any CPU
		{6D684615-DA1A-4280-A42D-3C77B0CB57B8}.Release|Any CPU.Build.0 = Release|Any CPU
		{52F5E139-1540-48AA-96CD-DCF4A06DD3AD}.Debug|Any CPU.ActiveCfg = Debug|Any CPU
		{52F5E139-1540-48AA-96CD-DCF4A06DD3AD}.Debug|Any CPU.Build.0 = Debug|Any CPU
		{52F5E139-1540-48AA-96CD-DCF4A06DD3AD}.Release|Any CPU.ActiveCfg = Release|Any CPU
		{52F5E139-1540-48AA-96CD-DCF4A06DD3AD}.Release|Any CPU.Build.0 = Release|Any CPU
		{88102A7D-3617-465E-B046-CC625B4AA234}.Debug|Any CPU.ActiveCfg = Debug|Any CPU
		{88102A7D-3617-465E-B046-CC625B4AA234}.Debug|Any CPU.Build.0 = Debug|Any CPU
		{88102A7D-3617-465E-B046-CC625B4AA234}.Release|Any CPU.ActiveCfg = Release|Any CPU
		{88102A7D-3617-465E-B046-CC625B4AA234}.Release|Any CPU.Build.0 = Release|Any CPU
		{3EB89C83-F37B-4961-8309-6A68865F3954}.Debug|Any CPU.ActiveCfg = Debug|Any CPU
		{3EB89C83-F37B-4961-8309-6A68865F3954}.Debug|Any CPU.Build.0 = Debug|Any CPU
		{3EB89C83-F37B-4961-8309-6A68865F3954}.Release|Any CPU.ActiveCfg = Release|Any CPU
		{3EB89C83-F37B-4961-8309-6A68865F3954}.Release|Any CPU.Build.0 = Release|Any CPU
		{A63EA6A6-D278-43BA-B8A6-3EB5E58311A1}.Debug|Any CPU.ActiveCfg = Debug|Any CPU
		{A63EA6A6-D278-43BA-B8A6-3EB5E58311A1}.Debug|Any CPU.Build.0 = Debug|Any CPU
		{A63EA6A6-D278-43BA-B8A6-3EB5E58311A1}.Release|Any CPU.ActiveCfg = Release|Any CPU
		{A63EA6A6-D278-43BA-B8A6-3EB5E58311A1}.Release|Any CPU.Build.0 = Release|Any CPU
	EndGlobalSection
	GlobalSection(SolutionProperties) = preSolution
		HideSolutionNode = FALSE
	EndGlobalSection
	GlobalSection(NestedProjects) = preSolution
		{D99F9BBC-3D16-4926-AA10-2B81700D1B15} = {D71AB039-CAE0-457D-9619-481C6F17CDE4}
		{3E427F50-A0F4-42F6-804A-CCFA6FB7C198} = {D71AB039-CAE0-457D-9619-481C6F17CDE4}
		{4F3836BF-7505-4398-AB19-3D9AD790604A} = {AF552DC0-C0B2-4CD4-8337-1BA2301A04B4}
		{D808A0FA-4BFC-47D4-966F-65E267D45A44} = {AF552DC0-C0B2-4CD4-8337-1BA2301A04B4}
		{6D684615-DA1A-4280-A42D-3C77B0CB57B8} = {7B3511DC-0CDF-4D8D-A110-68BA0A3F50BF}
		{52F5E139-1540-48AA-96CD-DCF4A06DD3AD} = {7B3511DC-0CDF-4D8D-A110-68BA0A3F50BF}
		{88102A7D-3617-465E-B046-CC625B4AA234} = {10E75978-2669-4530-A5A4-C076B49368FB}
		{3EB89C83-F37B-4961-8309-6A68865F3954} = {26C0D562-1881-46B7-AEEE-59D397C2849C}
		{A63EA6A6-D278-43BA-B8A6-3EB5E58311A1} = {26C0D562-1881-46B7-AEEE-59D397C2849C}
	EndGlobalSection
	GlobalSection(ExtensibilityGlobals) = postSolution
		SolutionGuid = {0E1D2931-B6E7-467F-B7B4-82A044FD0577}
	EndGlobalSection
EndGlobal
